
Microsoft Visual Studio Solution File, Format Version 12.00
# Visual Studio Version 17
VisualStudioVersion = 17.9.34701.34
MinimumVisualStudioVersion = 10.0.40219.1
Project("{9A19103F-16F7-4668-BE54-9A1E7A4F7556}") = "Agenda", "Agenda\Agenda.csproj", "{65D08188-6CAF-4542-8040-B04C2E0ADA8C}"
EndProject
Global
	GlobalSection(SolutionConfigurationPlatforms) = preSolution
		Debug|Any CPU = Debug|Any CPU
		Release|Any CPU = Release|Any CPU
	EndGlobalSection
	GlobalSection(ProjectConfigurationPlatforms) = postSolution
		{65D08188-6CAF-4542-8040-B04C2E0ADA8C}.Debug|Any CPU.ActiveCfg = Debug|Any CPU
		{65D08188-6CAF-4542-8040-B04C2E0ADA8C}.Debug|Any CPU.Build.0 = Debug|Any CPU
		{65D08188-6CAF-4542-8040-B04C2E0ADA8C}.Release|Any CPU.ActiveCfg = Release|Any CPU
		{65D08188-6CAF-4542-8040-B04C2E0ADA8C}.Release|Any CPU.Build.0 = Release|Any CPU
	EndGlobalSection
	GlobalSection(SolutionProperties) = preSolution
		HideSolutionNode = FALSE
	EndGlobalSection
	GlobalSection(ExtensibilityGlobals) = postSolution
		SolutionGuid = {4E9D4EA8-38DB-4014-A1E3-435F8F53695D}
	EndGlobalSection
EndGlobal
